
Microsoft Visual Studio Solution File, Format Version 12.00
# Visual Studio Version 16
VisualStudioVersion = 16.0.30309.148
MinimumVisualStudioVersion = 10.0.40219.1
Project("{FAE04EC0-301F-11D3-BF4B-00C04F79EFBC}") = "varifoneVisaNet", "varifoneVisaNet\varifoneVisaNet.csproj", "{2206EAFC-D840-4C6C-9515-28A9CCCFEF5D}"
EndProject
Global
	GlobalSection(SolutionConfigurationPlatforms) = preSolution
		Debug|Any CPU = Debug|Any CPU
		Release|Any CPU = Release|Any CPU
	EndGlobalSection
	GlobalSection(ProjectConfigurationPlatforms) = postSolution
		{2206EAFC-D840-4C6C-9515-28A9CCCFEF5D}.Debug|Any CPU.ActiveCfg = Debug|Any CPU
		{2206EAFC-D840-4C6C-9515-28A9CCCFEF5D}.Debug|Any CPU.Build.0 = Debug|Any CPU
		{2206EAFC-D840-4C6C-9515-28A9CCCFEF5D}.Release|Any CPU.ActiveCfg = Release|Any CPU
		{2206EAFC-D840-4C6C-9515-28A9CCCFEF5D}.Release|Any CPU.Build.0 = Release|Any CPU
	EndGlobalSection
	GlobalSection(SolutionProperties) = preSolution
		HideSolutionNode = FALSE
	EndGlobalSection
	GlobalSection(ExtensibilityGlobals) = postSolution
		SolutionGuid = {B9A6FD78-B700-4F0D-99BE-9FCC205CDB35}
	EndGlobalSection
EndGlobal
